// !$*UTF8*$!
{
	archiveVersion = 1;
	classes = {
	};
	objectVersion = 56;
	objects = {

/* Begin PBXBuildFile section */
		081C74792BB7178A006E9E8F /* AuthenticatorApp.swift in Sources */ = {isa = PBXBuildFile; fileRef = 081C74782BB7178A006E9E8F /* AuthenticatorApp.swift */; };
		081C747B2BB7178A006E9E8F /* ContentView.swift in Sources */ = {isa = PBXBuildFile; fileRef = 081C747A2BB7178A006E9E8F /* ContentView.swift */; };
		081C747D2BB7178D006E9E8F /* Assets.xcassets in Resources */ = {isa = PBXBuildFile; fileRef = 081C747C2BB7178D006E9E8F /* Assets.xcassets */; };
		081C74802BB7178D006E9E8F /* Preview Assets.xcassets in Resources */ = {isa = PBXBuildFile; fileRef = 081C747F2BB7178D006E9E8F /* Preview Assets.xcassets */; };
		081C74822BB7178D006E9E8F /* Persistence.swift in Sources */ = {isa = PBXBuildFile; fileRef = 081C74812BB7178D006E9E8F /* Persistence.swift */; };
		081C74852BB7178D006E9E8F /* Authenticator.xcdatamodeld in Sources */ = {isa = PBXBuildFile; fileRef = 081C74832BB7178D006E9E8F /* Authenticator.xcdatamodeld */; };
		081C748F2BB7178D006E9E8F /* AuthenticatorTests.swift in Sources */ = {isa = PBXBuildFile; fileRef = 081C748E2BB7178D006E9E8F /* AuthenticatorTests.swift */; };
		081C74992BB7178D006E9E8F /* AuthenticatorUITests.swift in Sources */ = {isa = PBXBuildFile; fileRef = 081C74982BB7178D006E9E8F /* AuthenticatorUITests.swift */; };
		081C749B2BB7178D006E9E8F /* AuthenticatorUITestsLaunchTests.swift in Sources */ = {isa = PBXBuildFile; fileRef = 081C749A2BB7178D006E9E8F /* AuthenticatorUITestsLaunchTests.swift */; };
		081C74A82BB72C5F006E9E8F /* LoginUnificadoViewModel.swift in Sources */ = {isa = PBXBuildFile; fileRef = 081C74A72BB72C5F006E9E8F /* LoginUnificadoViewModel.swift */; };
/* End PBXBuildFile section */

/* Begin PBXContainerItemProxy section */
		081C748B2BB7178D006E9E8F /* PBXContainerItemProxy */ = {
			isa = PBXContainerItemProxy;
			containerPortal = 081C746D2BB7178A006E9E8F /* Project object */;
			proxyType = 1;
			remoteGlobalIDString = 081C74742BB7178A006E9E8F;
			remoteInfo = Authenticator;
		};
		081C74952BB7178D006E9E8F /* PBXContainerItemProxy */ = {
			isa = PBXContainerItemProxy;
			containerPortal = 081C746D2BB7178A006E9E8F /* Project object */;
			proxyType = 1;
			remoteGlobalIDString = 081C74742BB7178A006E9E8F;
			remoteInfo = Authenticator;
		};
/* End PBXContainerItemProxy section */

/* Begin PBXFileReference section */
		081C74752BB7178A006E9E8F /* Authenticator.app */ = {isa = PBXFileReference; explicitFileType = wrapper.application; includeInIndex = 0; path = Authenticator.app; sourceTree = BUILT_PRODUCTS_DIR; };
		081C74782BB7178A006E9E8F /* AuthenticatorApp.swift */ = {isa = PBXFileReference; lastKnownFileType = sourcecode.swift; path = AuthenticatorApp.swift; sourceTree = "<group>"; };
		081C747A2BB7178A006E9E8F /* ContentView.swift */ = {isa = PBXFileReference; lastKnownFileType = sourcecode.swift; path = ContentView.swift; sourceTree = "<group>"; };
		081C747C2BB7178D006E9E8F /* Assets.xcassets */ = {isa = PBXFileReference; lastKnownFileType = folder.assetcatalog; path = Assets.xcassets; sourceTree = "<group>"; };
		081C747F2BB7178D006E9E8F /* Preview Assets.xcassets */ = {isa = PBXFileReference; lastKnownFileType = folder.assetcatalog; path = "Preview Assets.xcassets"; sourceTree = "<group>"; };
		081C74812BB7178D006E9E8F /* Persistence.swift */ = {isa = PBXFileReference; lastKnownFileType = sourcecode.swift; path = Persistence.swift; sourceTree = "<group>"; };
		081C74842BB7178D006E9E8F /* Authenticator.xcdatamodel */ = {isa = PBXFileReference; lastKnownFileType = wrapper.xcdatamodel; path = Authenticator.xcdatamodel; sourceTree = "<group>"; };
		081C748A2BB7178D006E9E8F /* AuthenticatorTests.xctest */ = {isa = PBXFileReference; explicitFileType = wrapper.cfbundle; includeInIndex = 0; path = AuthenticatorTests.xctest; sourceTree = BUILT_PRODUCTS_DIR; };
		081C748E2BB7178D006E9E8F /* AuthenticatorTests.swift */ = {isa = PBXFileReference; lastKnownFileType = sourcecode.swift; path = AuthenticatorTests.swift; sourceTree = "<group>"; };
		081C74942BB7178D006E9E8F /* AuthenticatorUITests.xctest */ = {isa = PBXFileReference; explicitFileType = wrapper.cfbundle; includeInIndex = 0; path = AuthenticatorUITests.xctest; sourceTree = BUILT_PRODUCTS_DIR; };
		081C74982BB7178D006E9E8F /* AuthenticatorUITests.swift */ = {isa = PBXFileReference; lastKnownFileType = sourcecode.swift; path = AuthenticatorUITests.swift; sourceTree = "<group>"; };
		081C749A2BB7178D006E9E8F /* AuthenticatorUITestsLaunchTests.swift */ = {isa = PBXFileReference; lastKnownFileType = sourcecode.swift; path = AuthenticatorUITestsLaunchTests.swift; sourceTree = "<group>"; };
		081C74A72BB72C5F006E9E8F /* LoginUnificadoViewModel.swift */ = {isa = PBXFileReference; lastKnownFileType = sourcecode.swift; path = LoginUnificadoViewModel.swift; sourceTree = "<group>"; };
/* End PBXFileReference section */

/* Begin PBXFrameworksBuildPhase section */
		081C74722BB7178A006E9E8F /* Frameworks */ = {
			isa = PBXFrameworksBuildPhase;
			buildActionMask = 2147483647;
			files = (
			);
			runOnlyForDeploymentPostprocessing = 0;
		};
		081C74872BB7178D006E9E8F /* Frameworks */ = {
			isa = PBXFrameworksBuildPhase;
			buildActionMask = 2147483647;
			files = (
			);
			runOnlyForDeploymentPostprocessing = 0;
		};
		081C74912BB7178D006E9E8F /* Frameworks */ = {
			isa = PBXFrameworksBuildPhase;
			buildActionMask = 2147483647;
			files = (
			);
			runOnlyForDeploymentPostprocessing = 0;
		};
/* End PBXFrameworksBuildPhase section */

/* Begin PBXGroup section */
		081C746C2BB7178A006E9E8F = {
			isa = PBXGroup;
			children = (
				081C74772BB7178A006E9E8F /* Authenticator */,
				081C748D2BB7178D006E9E8F /* AuthenticatorTests */,
				081C74972BB7178D006E9E8F /* AuthenticatorUITests */,
				081C74762BB7178A006E9E8F /* Products */,
			);
			sourceTree = "<group>";
		};
		081C74762BB7178A006E9E8F /* Products */ = {
			isa = PBXGroup;
			children = (
				081C74752BB7178A006E9E8F /* Authenticator.app */,
				081C748A2BB7178D006E9E8F /* AuthenticatorTests.xctest */,
				081C74942BB7178D006E9E8F /* AuthenticatorUITests.xctest */,
			);
			name = Products;
			sourceTree = "<group>";
		};
		081C74772BB7178A006E9E8F /* Authenticator */ = {
			isa = PBXGroup;
			children = (
				081C74782BB7178A006E9E8F /* AuthenticatorApp.swift */,
				081C747A2BB7178A006E9E8F /* ContentView.swift */,
				081C747C2BB7178D006E9E8F /* Assets.xcassets */,
				081C74812BB7178D006E9E8F /* Persistence.swift */,
				081C74832BB7178D006E9E8F /* Authenticator.xcdatamodeld */,
				081C747E2BB7178D006E9E8F /* Preview Content */,
				081C74A72BB72C5F006E9E8F /* LoginUnificadoViewModel.swift */,
			);
			path = Authenticator;
			sourceTree = "<group>";
		};
		081C747E2BB7178D006E9E8F /* Preview Content */ = {
			isa = PBXGroup;
			children = (
				081C747F2BB7178D006E9E8F /* Preview Assets.xcassets */,
			);
			path = "Preview Content";
			sourceTree = "<group>";
		};
		081C748D2BB7178D006E9E8F /* AuthenticatorTests */ = {
			isa = PBXGroup;
			children = (
				081C748E2BB7178D006E9E8F /* AuthenticatorTests.swift */,
			);
			path = AuthenticatorTests;
			sourceTree = "<group>";
		};
		081C74972BB7178D006E9E8F /* AuthenticatorUITests */ = {
			isa = PBXGroup;
			children = (
				081C74982BB7178D006E9E8F /* AuthenticatorUITests.swift */,
				081C749A2BB7178D006E9E8F /* AuthenticatorUITestsLaunchTests.swift */,
			);
			path = AuthenticatorUITests;
			sourceTree = "<group>";
		};
/* End PBXGroup section */

/* Begin PBXNativeTarget section */
		081C74742BB7178A006E9E8F /* Authenticator */ = {
			isa = PBXNativeTarget;
			buildConfigurationList = 081C749E2BB7178D006E9E8F /* Build configuration list for PBXNativeTarget "Authenticator" */;
			buildPhases = (
				081C74712BB7178A006E9E8F /* Sources */,
				081C74722BB7178A006E9E8F /* Frameworks */,
				081C74732BB7178A006E9E8F /* Resources */,
			);
			buildRules = (
			);
			dependencies = (
			);
			name = Authenticator;
			productName = Authenticator;
			productReference = 081C74752BB7178A006E9E8F /* Authenticator.app */;
			productType = "com.apple.product-type.application";
		};
		081C74892BB7178D006E9E8F /* AuthenticatorTests */ = {
			isa = PBXNativeTarget;
			buildConfigurationList = 081C74A12BB7178D006E9E8F /* Build configuration list for PBXNativeTarget "AuthenticatorTests" */;
			buildPhases = (
				081C74862BB7178D006E9E8F /* Sources */,
				081C74872BB7178D006E9E8F /* Frameworks */,
				081C74882BB7178D006E9E8F /* Resources */,
			);
			buildRules = (
			);
			dependencies = (
				081C748C2BB7178D006E9E8F /* PBXTargetDependency */,
			);
			name = AuthenticatorTests;
			productName = AuthenticatorTests;
			productReference = 081C748A2BB7178D006E9E8F /* AuthenticatorTests.xctest */;
			productType = "com.apple.product-type.bundle.unit-test";
		};
		081C74932BB7178D006E9E8F /* AuthenticatorUITests */ = {
			isa = PBXNativeTarget;
			buildConfigurationList = 081C74A42BB7178D006E9E8F /* Build configuration list for PBXNativeTarget "AuthenticatorUITests" */;
			buildPhases = (
				081C74902BB7178D006E9E8F /* Sources */,
				081C74912BB7178D006E9E8F /* Frameworks */,
				081C74922BB7178D006E9E8F /* Resources */,
			);
			buildRules = (
			);
			dependencies = (
				081C74962BB7178D006E9E8F /* PBXTargetDependency */,
			);
			name = AuthenticatorUITests;
			productName = AuthenticatorUITests;
			productReference = 081C74942BB7178D006E9E8F /* AuthenticatorUITests.xctest */;
			productType = "com.apple.product-type.bundle.ui-testing";
		};
/* End PBXNativeTarget section */

/* Begin PBXProject section */
		081C746D2BB7178A006E9E8F /* Project object */ = {
			isa = PBXProject;
			attributes = {
				BuildIndependentTargetsInParallel = 1;
				LastSwiftUpdateCheck = 1520;
				LastUpgradeCheck = 1520;
				TargetAttributes = {
					081C74742BB7178A006E9E8F = {
						CreatedOnToolsVersion = 15.2;
					};
					081C74892BB7178D006E9E8F = {
						CreatedOnToolsVersion = 15.2;
						TestTargetID = 081C74742BB7178A006E9E8F;
					};
					081C74932BB7178D006E9E8F = {
						CreatedOnToolsVersion = 15.2;
						TestTargetID = 081C74742BB7178A006E9E8F;
					};
				};
			};
			buildConfigurationList = 081C74702BB7178A006E9E8F /* Build configuration list for PBXProject "Authenticator" */;
			compatibilityVersion = "Xcode 14.0";
			developmentRegion = en;
			hasScannedForEncodings = 0;
			knownRegions = (
				en,
				Base,
			);
			mainGroup = 081C746C2BB7178A006E9E8F;
			productRefGroup = 081C74762BB7178A006E9E8F /* Products */;
			projectDirPath = "";
			projectRoot = "";
			targets = (
				081C74742BB7178A006E9E8F /* Authenticator */,
				081C74892BB7178D006E9E8F /* AuthenticatorTests */,
				081C74932BB7178D006E9E8F /* AuthenticatorUITests */,
			);
		};
/* End PBXProject section */

/* Begin PBXResourcesBuildPhase section */
		081C74732BB7178A006E9E8F /* Resources */ = {
			isa = PBXResourcesBuildPhase;
			buildActionMask = 2147483647;
			files = (
				081C74802BB7178D006E9E8F /* Preview Assets.xcassets in Resources */,
				081C747D2BB7178D006E9E8F /* Assets.xcassets in Resources */,
			);
			runOnlyForDeploymentPostprocessing = 0;
		};
		081C74882BB7178D006E9E8F /* Resources */ = {
			isa = PBXResourcesBuildPhase;
			buildActionMask = 2147483647;
			files = (
			);
			runOnlyForDeploymentPostprocessing = 0;
		};
		081C74922BB7178D006E9E8F /* Resources */ = {
			isa = PBXResourcesBuildPhase;
			buildActionMask = 2147483647;
			files = (
			);
			runOnlyForDeploymentPostprocessing = 0;
		};
/* End PBXResourcesBuildPhase section */

/* Begin PBXSourcesBuildPhase section */
		081C74712BB7178A006E9E8F /* Sources */ = {
			isa = PBXSourcesBuildPhase;
			buildActionMask = 2147483647;
			files = (
				081C74822BB7178D006E9E8F /* Persistence.swift in Sources */,
				081C74A82BB72C5F006E9E8F /* LoginUnificadoViewModel.swift in Sources */,
				081C74852BB7178D006E9E8F /* Authenticator.xcdatamodeld in Sources */,
				081C747B2BB7178A006E9E8F /* ContentView.swift in Sources */,
				081C74792BB7178A006E9E8F /* AuthenticatorApp.swift in Sources */,
			);
			runOnlyForDeploymentPostprocessing = 0;
		};
		081C74862BB7178D006E9E8F /* Sources */ = {
			isa = PBXSourcesBuildPhase;
			buildActionMask = 2147483647;
			files = (
				081C748F2BB7178D006E9E8F /* AuthenticatorTests.swift in Sources */,
			);
			runOnlyForDeploymentPostprocessing = 0;
		};
		081C74902BB7178D006E9E8F /* Sources */ = {
			isa = PBXSourcesBuildPhase;
			buildActionMask = 2147483647;
			files = (
				081C749B2BB7178D006E9E8F /* AuthenticatorUITestsLaunchTests.swift in Sources */,
				081C74992BB7178D006E9E8F /* AuthenticatorUITests.swift in Sources */,
			);
			runOnlyForDeploymentPostprocessing = 0;
		};
/* End PBXSourcesBuildPhase section */

/* Begin PBXTargetDependency section */
		081C748C2BB7178D006E9E8F /* PBXTargetDependency */ = {
			isa = PBXTargetDependency;
			target = 081C74742BB7178A006E9E8F /* Authenticator */;
			targetProxy = 081C748B2BB7178D006E9E8F /* PBXContainerItemProxy */;
		};
		081C74962BB7178D006E9E8F /* PBXTargetDependency */ = {
			isa = PBXTargetDependency;
			target = 081C74742BB7178A006E9E8F /* Authenticator */;
			targetProxy = 081C74952BB7178D006E9E8F /* PBXContainerItemProxy */;
		};
/* End PBXTargetDependency section */

/* Begin XCBuildConfiguration section */
		081C749C2BB7178D006E9E8F /* Debug */ = {
			isa = XCBuildConfiguration;
			buildSettings = {
				ALWAYS_SEARCH_USER_PATHS = NO;
				ASSETCATALOG_COMPILER_GENERATE_SWIFT_ASSET_SYMBOL_EXTENSIONS = YES;
				CLANG_ANALYZER_NONNULL = YES;
				CLANG_ANALYZER_NUMBER_OBJECT_CONVERSION = YES_AGGRESSIVE;
				CLANG_CXX_LANGUAGE_STANDARD = "gnu++20";
				CLANG_ENABLE_MODULES = YES;
				CLANG_ENABLE_OBJC_ARC = YES;
				CLANG_ENABLE_OBJC_WEAK = YES;
				CLANG_WARN_BLOCK_CAPTURE_AUTORELEASING = YES;
				CLANG_WARN_BOOL_CONVERSION = YES;
				CLANG_WARN_COMMA = YES;
				CLANG_WARN_CONSTANT_CONVERSION = YES;
				CLANG_WARN_DEPRECATED_OBJC_IMPLEMENTATIONS = YES;
				CLANG_WARN_DIRECT_OBJC_ISA_USAGE = YES_ERROR;
				CLANG_WARN_DOCUMENTATION_COMMENTS = YES;
				CLANG_WARN_EMPTY_BODY = YES;
				CLANG_WARN_ENUM_CONVERSION = YES;
				CLANG_WARN_INFINITE_RECURSION = YES;
				CLANG_WARN_INT_CONVERSION = YES;
				CLANG_WARN_NON_LITERAL_NULL_CONVERSION = YES;
				CLANG_WARN_OBJC_IMPLICIT_RETAIN_SELF = YES;
				CLANG_WARN_OBJC_LITERAL_CONVERSION = YES;
				CLANG_WARN_OBJC_ROOT_CLASS = YES_ERROR;
				CLANG_WARN_QUOTED_INCLUDE_IN_FRAMEWORK_HEADER = YES;
				CLANG_WARN_RANGE_LOOP_ANALYSIS = YES;
				CLANG_WARN_STRICT_PROTOTYPES = YES;
				CLANG_WARN_SUSPICIOUS_MOVE = YES;
				CLANG_WARN_UNGUARDED_AVAILABILITY = YES_AGGRESSIVE;
				CLANG_WARN_UNREACHABLE_CODE = YES;
				CLANG_WARN__DUPLICATE_METHOD_MATCH = YES;
				COPY_PHASE_STRIP = NO;
				DEBUG_INFORMATION_FORMAT = dwarf;
				ENABLE_STRICT_OBJC_MSGSEND = YES;
				ENABLE_TESTABILITY = YES;
				ENABLE_USER_SCRIPT_SANDBOXING = YES;
				GCC_C_LANGUAGE_STANDARD = gnu17;
				GCC_DYNAMIC_NO_PIC = NO;
				GCC_NO_COMMON_BLOCKS = YES;
				GCC_OPTIMIZATION_LEVEL = 0;
				GCC_PREPROCESSOR_DEFINITIONS = (
					"DEBUG=1",
					"$(inherited)",
				);
				GCC_WARN_64_TO_32_BIT_CONVERSION = YES;
				GCC_WARN_ABOUT_RETURN_TYPE = YES_ERROR;
				GCC_WARN_UNDECLARED_SELECTOR = YES;
				GCC_WARN_UNINITIALIZED_AUTOS = YES_AGGRESSIVE;
				GCC_WARN_UNUSED_FUNCTION = YES;
				GCC_WARN_UNUSED_VARIABLE = YES;
				IPHONEOS_DEPLOYMENT_TARGET = 17.2;
				LOCALIZATION_PREFERS_STRING_CATALOGS = YES;
				MTL_ENABLE_DEBUG_INFO = INCLUDE_SOURCE;
				MTL_FAST_MATH = YES;
				ONLY_ACTIVE_ARCH = YES;
				SDKROOT = iphoneos;
				SWIFT_ACTIVE_COMPILATION_CONDITIONS = "DEBUG $(inherited)";
				SWIFT_OPTIMIZATION_LEVEL = "-Onone";
			};
			name = Debug;
		};
		081C749D2BB7178D006E9E8F /* Release */ = {
			isa = XCBuildConfiguration;
			buildSettings = {
				ALWAYS_SEARCH_USER_PATHS = NO;
				ASSETCATALOG_COMPILER_GENERATE_SWIFT_ASSET_SYMBOL_EXTENSIONS = YES;
				CLANG_ANALYZER_NONNULL = YES;
				CLANG_ANALYZER_NUMBER_OBJECT_CONVERSION = YES_AGGRESSIVE;
				CLANG_CXX_LANGUAGE_STANDARD = "gnu++20";
				CLANG_ENABLE_MODULES = YES;
				CLANG_ENABLE_OBJC_ARC = YES;
				CLANG_ENABLE_OBJC_WEAK = YES;
				CLANG_WARN_BLOCK_CAPTURE_AUTORELEASING = YES;
				CLANG_WARN_BOOL_CONVERSION = YES;
				CLANG_WARN_COMMA = YES;
				CLANG_WARN_CONSTANT_CONVERSION = YES;
				CLANG_WARN_DEPRECATED_OBJC_IMPLEMENTATIONS = YES;
				CLANG_WARN_DIRECT_OBJC_ISA_USAGE = YES_ERROR;
				CLANG_WARN_DOCUMENTATION_COMMENTS = YES;
				CLANG_WARN_EMPTY_BODY = YES;
				CLANG_WARN_ENUM_CONVERSION = YES;
				CLANG_WARN_INFINITE_RECURSION = YES;
				CLANG_WARN_INT_CONVERSION = YES;
				CLANG_WARN_NON_LITERAL_NULL_CONVERSION = YES;
				CLANG_WARN_OBJC_IMPLICIT_RETAIN_SELF = YES;
				CLANG_WARN_OBJC_LITERAL_CONVERSION = YES;
				CLANG_WARN_OBJC_ROOT_CLASS = YES_ERROR;
				CLANG_WARN_QUOTED_INCLUDE_IN_FRAMEWORK_HEADER = YES;
				CLANG_WARN_RANGE_LOOP_ANALYSIS = YES;
				CLANG_WARN_STRICT_PROTOTYPES = YES;
				CLANG_WARN_SUSPICIOUS_MOVE = YES;
				CLANG_WARN_UNGUARDED_AVAILABILITY = YES_AGGRESSIVE;
				CLANG_WARN_UNREACHABLE_CODE = YES;
				CLANG_WARN__DUPLICATE_METHOD_MATCH = YES;
				COPY_PHASE_STRIP = NO;
				DEBUG_INFORMATION_FORMAT = "dwarf-with-dsym";
				ENABLE_NS_ASSERTIONS = NO;
				ENABLE_STRICT_OBJC_MSGSEND = YES;
				ENABLE_USER_SCRIPT_SANDBOXING = YES;
				GCC_C_LANGUAGE_STANDARD = gnu17;
				GCC_NO_COMMON_BLOCKS = YES;
				GCC_WARN_64_TO_32_BIT_CONVERSION = YES;
				GCC_WARN_ABOUT_RETURN_TYPE = YES_ERROR;
				GCC_WARN_UNDECLARED_SELECTOR = YES;
				GCC_WARN_UNINITIALIZED_AUTOS = YES_AGGRESSIVE;
				GCC_WARN_UNUSED_FUNCTION = YES;
				GCC_WARN_UNUSED_VARIABLE = YES;
				IPHONEOS_DEPLOYMENT_TARGET = 17.2;
				LOCALIZATION_PREFERS_STRING_CATALOGS = YES;
				MTL_ENABLE_DEBUG_INFO = NO;
				MTL_FAST_MATH = YES;
				SDKROOT = iphoneos;
				SWIFT_COMPILATION_MODE = wholemodule;
				VALIDATE_PRODUCT = YES;
			};
			name = Release;
		};
		081C749F2BB7178D006E9E8F /* Debug */ = {
			isa = XCBuildConfiguration;
			buildSettings = {
				ASSETCATALOG_COMPILER_APPICON_NAME = AppIcon;
				ASSETCATALOG_COMPILER_GLOBAL_ACCENT_COLOR_NAME = AccentColor;
				CODE_SIGN_STYLE = Automatic;
				CURRENT_PROJECT_VERSION = 1;
				DEVELOPMENT_ASSET_PATHS = "\"Authenticator/Preview Content\"";
				ENABLE_PREVIEWS = YES;
				GENERATE_INFOPLIST_FILE = YES;
				INFOPLIST_KEY_UIApplicationSceneManifest_Generation = YES;
				INFOPLIST_KEY_UIApplicationSupportsIndirectInputEvents = YES;
				INFOPLIST_KEY_UILaunchScreen_Generation = YES;
				INFOPLIST_KEY_UISupportedInterfaceOrientations_iPad = "UIInterfaceOrientationPortrait UIInterfaceOrientationPortraitUpsideDown UIInterfaceOrientationLandscapeLeft UIInterfaceOrientationLandscapeRight";
				INFOPLIST_KEY_UISupportedInterfaceOrientations_iPhone = "UIInterfaceOrientationPortrait UIInterfaceOrientationLandscapeLeft UIInterfaceOrientationLandscapeRight";
				LD_RUNPATH_SEARCH_PATHS = (
					"$(inherited)",
					"@executable_path/Frameworks",
				);
				MARKETING_VERSION = 1.0;
				PRODUCT_BUNDLE_IDENTIFIER = com.chacon.Authenticator;
				PRODUCT_NAME = "$(TARGET_NAME)";
				SWIFT_EMIT_LOC_STRINGS = YES;
				SWIFT_VERSION = 5.0;
				TARGETED_DEVICE_FAMILY = "1,2";
			};
			name = Debug;
		};
		081C74A02BB7178D006E9E8F /* Release */ = {
			isa = XCBuildConfiguration;
			buildSettings = {
				ASSETCATALOG_COMPILER_APPICON_NAME = AppIcon;
				ASSETCATALOG_COMPILER_GLOBAL_ACCENT_COLOR_NAME = AccentColor;
				CODE_SIGN_STYLE = Automatic;
				CURRENT_PROJECT_VERSION = 1;
				DEVELOPMENT_ASSET_PATHS = "\"Authenticator/Preview Content\"";
				ENABLE_PREVIEWS = YES;
				GENERATE_INFOPLIST_FILE = YES;
				INFOPLIST_KEY_UIApplicationSceneManifest_Generation = YES;
				INFOPLIST_KEY_UIApplicationSupportsIndirectInputEvents = YES;
				INFOPLIST_KEY_UILaunchScreen_Generation = YES;
				INFOPLIST_KEY_UISupportedInterfaceOrientations_iPad = "UIInterfaceOrientationPortrait UIInterfaceOrientationPortraitUpsideDown UIInterfaceOrientationLandscapeLeft UIInterfaceOrientationLandscapeRight";
				INFOPLIST_KEY_UISupportedInterfaceOrientations_iPhone = "UIInterfaceOrientationPortrait UIInterfaceOrientationLandscapeLeft UIInterfaceOrientationLandscapeRight";
				LD_RUNPATH_SEARCH_PATHS = (
					"$(inherited)",
					"@executable_path/Frameworks",
				);
				MARKETING_VERSION = 1.0;
				PRODUCT_BUNDLE_IDENTIFIER = com.chacon.Authenticator;
				PRODUCT_NAME = "$(TARGET_NAME)";
				SWIFT_EMIT_LOC_STRINGS = YES;
				SWIFT_VERSION = 5.0;
				TARGETED_DEVICE_FAMILY = "1,2";
			};
			name = Release;
		};
		081C74A22BB7178D006E9E8F /* Debug */ = {
			isa = XCBuildConfiguration;
			buildSettings = {
				ALWAYS_EMBED_SWIFT_STANDARD_LIBRARIES = YES;
				BUNDLE_LOADER = "$(TEST_HOST)";
				CODE_SIGN_STYLE = Automatic;
				CURRENT_PROJECT_VERSION = 1;
				GENERATE_INFOPLIST_FILE = YES;
				IPHONEOS_DEPLOYMENT_TARGET = 17.2;
				MARKETING_VERSION = 1.0;
				PRODUCT_BUNDLE_IDENTIFIER = com.chacon.AuthenticatorTests;
				PRODUCT_NAME = "$(TARGET_NAME)";
				SWIFT_EMIT_LOC_STRINGS = NO;
				SWIFT_VERSION = 5.0;
				TARGETED_DEVICE_FAMILY = "1,2";
				TEST_HOST = "$(BUILT_PRODUCTS_DIR)/Authenticator.app/$(BUNDLE_EXECUTABLE_FOLDER_PATH)/Authenticator";
			};
			name = Debug;
		};
		081C74A32BB7178D006E9E8F /* Release */ = {
			isa = XCBuildConfiguration;
			buildSettings = {
				ALWAYS_EMBED_SWIFT_STANDARD_LIBRARIES = YES;
				BUNDLE_LOADER = "$(TEST_HOST)";
				CODE_SIGN_STYLE = Automatic;
				CURRENT_PROJECT_VERSION = 1;
				GENERATE_INFOPLIST_FILE = YES;
				IPHONEOS_DEPLOYMENT_TARGET = 17.2;
				MARKETING_VERSION = 1.0;
				PRODUCT_BUNDLE_IDENTIFIER = com.chacon.AuthenticatorTests;
				PRODUCT_NAME = "$(TARGET_NAME)";
				SWIFT_EMIT_LOC_STRINGS = NO;
				SWIFT_VERSION = 5.0;
				TARGETED_DEVICE_FAMILY = "1,2";
				TEST_HOST = "$(BUILT_PRODUCTS_DIR)/Authenticator.app/$(BUNDLE_EXECUTABLE_FOLDER_PATH)/Authenticator";
			};
			name = Release;
		};
		081C74A52BB7178D006E9E8F /* Debug */ = {
			isa = XCBuildConfiguration;
			buildSettings = {
				ALWAYS_EMBED_SWIFT_STANDARD_LIBRARIES = YES;
				CODE_SIGN_STYLE = Automatic;
				CURRENT_PROJECT_VERSION = 1;
				GENERATE_INFOPLIST_FILE = YES;
				MARKETING_VERSION = 1.0;
				PRODUCT_BUNDLE_IDENTIFIER = com.chacon.AuthenticatorUITests;
				PRODUCT_NAME = "$(TARGET_NAME)";
				SWIFT_EMIT_LOC_STRINGS = NO;
				SWIFT_VERSION = 5.0;
				TARGETED_DEVICE_FAMILY = "1,2";
				TEST_TARGET_NAME = Authenticator;
			};
			name = Debug;
		};
		081C74A62BB7178D006E9E8F /* Release */ = {
			isa = XCBuildConfiguration;
			buildSettings = {
				ALWAYS_EMBED_SWIFT_STANDARD_LIBRARIES = YES;
				CODE_SIGN_STYLE = Automatic;
				CURRENT_PROJECT_VERSION = 1;
				GENERATE_INFOPLIST_FILE = YES;
				MARKETING_VERSION = 1.0;
				PRODUCT_BUNDLE_IDENTIFIER = com.chacon.AuthenticatorUITests;
				PRODUCT_NAME = "$(TARGET_NAME)";
				SWIFT_EMIT_LOC_STRINGS = NO;
				SWIFT_VERSION = 5.0;
				TARGETED_DEVICE_FAMILY = "1,2";
				TEST_TARGET_NAME = Authenticator;
			};
			name = Release;
		};
/* End XCBuildConfiguration section */

/* Begin XCConfigurationList section */
		081C74702BB7178A006E9E8F /* Build configuration list for PBXProject "Authenticator" */ = {
			isa = XCConfigurationList;
			buildConfigurations = (
				081C749C2BB7178D006E9E8F /* Debug */,
				081C749D2BB7178D006E9E8F /* Release */,
			);
			defaultConfigurationIsVisible = 0;
			defaultConfigurationName = Release;
		};
		081C749E2BB7178D006E9E8F /* Build configuration list for PBXNativeTarget "Authenticator" */ = {
			isa = XCConfigurationList;
			buildConfigurations = (
				081C749F2BB7178D006E9E8F /* Debug */,
				081C74A02BB7178D006E9E8F /* Release */,
			);
			defaultConfigurationIsVisible = 0;
			defaultConfigurationName = Release;
		};
		081C74A12BB7178D006E9E8F /* Build configuration list for PBXNativeTarget "AuthenticatorTests" */ = {
			isa = XCConfigurationList;
			buildConfigurations = (
				081C74A22BB7178D006E9E8F /* Debug */,
				081C74A32BB7178D006E9E8F /* Release */,
			);
			defaultConfigurationIsVisible = 0;
			defaultConfigurationName = Release;
		};
		081C74A42BB7178D006E9E8F /* Build configuration list for PBXNativeTarget "AuthenticatorUITests" */ = {
			isa = XCConfigurationList;
			buildConfigurations = (
				081C74A52BB7178D006E9E8F /* Debug */,
				081C74A62BB7178D006E9E8F /* Release */,
			);
			defaultConfigurationIsVisible = 0;
			defaultConfigurationName = Release;
		};
/* End XCConfigurationList section */

/* Begin XCVersionGroup section */
		081C74832BB7178D006E9E8F /* Authenticator.xcdatamodeld */ = {
			isa = XCVersionGroup;
			children = (
				081C74842BB7178D006E9E8F /* Authenticator.xcdatamodel */,
			);
			currentVersion = 081C74842BB7178D006E9E8F /* Authenticator.xcdatamodel */;
			path = Authenticator.xcdatamodeld;
			sourceTree = "<group>";
			versionGroupType = wrapper.xcdatamodel;
		};
/* End XCVersionGroup section */
	};
	rootObject = 081C746D2BB7178A006E9E8F /* Project object */;
}
